{
  "version": "5",
  "redirects": {
    "https://esm.sh/@supabase/supabase-js@2": "https://esm.sh/@supabase/supabase-js@2.112.1",
    "https://esm.sh/iceberg-js@^0.8.1?target=denonext": "https://esm.sh/iceberg-js@0.8.1?target=denonext"
  },
  "remote": {
    "https://esm.sh/@supabase/auth-js@2.112.1/denonext/auth-js.mjs": "0a6548b2193536749bac8bdc311930557fc418447d7579c16a1db1ff0e17788c",
    "https://esm.sh/@supabase/functions-js@2.112.1/denonext/functions-js.mjs": "148a13081414a9bca1e6879d7220ae0affcd92150adc08e3eecb63fec794d9a1",
    "https://esm.sh/@supabase/phoenix@0.4.5/denonext/phoenix.mjs": "40bd2a70829cd847848baac58e635bacd83fd62188f6624b44e2c295341004eb",
    "https://esm.sh/@supabase/postgrest-js@2.112.1/denonext/postgrest-js.mjs": "b25d2037ec88c744bbcd1ca51d21110b6d4bde16ad5d4ef7ff5d8c00183a5c78",
    "https://esm.sh/@supabase/realtime-js@2.112.1/denonext/realtime-js.mjs": "71971e0bd579cb6d8c2600ba1726c7472a9d7b4fa84f8b350fd3dd1dd86e51a2",
    "https://esm.sh/@supabase/storage-js@2.112.1/denonext/storage-js.mjs": "c19d2448362f0186f92876fa53296bd43a564a48e1500a9d48fc89956ff13235",
    "https://esm.sh/@supabase/supabase-js@2.112.1": "497e1884f2e760ee816b6081f8e9497f453d35d0b5fb10c0bb898b0debeee58d",
    "https://esm.sh/@supabase/supabase-js@2.112.1/denonext/dist/tracingRegistry.mjs": "a5c249913461920ffde2a35911d3d0819c66aa672ce533d17ae15dbaea75a704",
    "https://esm.sh/@supabase/supabase-js@2.112.1/denonext/supabase-js.mjs": "472091d54b6ffec5b452e227d6ff0a3cfbbbd11dd61b08604fde8b3322971f35",
    "https://esm.sh/iceberg-js@0.8.1/denonext/iceberg-js.mjs": "d839d81a2e3966500ca2cdd0c1cb458e9608bacfc91f7bb67a69b2e878dcdb4f",
    "https://esm.sh/iceberg-js@0.8.1?target=denonext": "58c849d7fe2bf4eca4a84eb501e83c161a7d8c34ca1bec15a962b3bec3062633",
    "https://esm.sh/tslib@2.8.1/denonext/tslib.mjs": "c38da5dd6da6281964435002ce204cd586634fe3bdfb24a0ee116f48cf3292e9"
  },
  "workspace": {
    "packageJson": {
      "dependencies": [
        "npm:@cloudflare/vite-plugin@^1.25.5",
        "npm:@eslint/js@^9.32.0",
        "npm:@google/genai@^2.15.0",
        "npm:@hookform/resolvers@^5.2.2",
        "npm:@lovable.dev/email-js@^0.0.4",
        "npm:@lovable.dev/vite-tanstack-config@^1.5.1",
        "npm:@lovable.dev/webhooks-js@^0.0.1",
        "npm:@radix-ui/react-accordion@^1.2.12",
        "npm:@radix-ui/react-alert-dialog@^1.1.15",
        "npm:@radix-ui/react-aspect-ratio@^1.1.8",
        "npm:@radix-ui/react-avatar@^1.1.11",
        "npm:@radix-ui/react-checkbox@^1.3.3",
        "npm:@radix-ui/react-collapsible@^1.1.12",
        "npm:@radix-ui/react-context-menu@^2.2.16",
        "npm:@radix-ui/react-dialog@^1.1.15",
        "npm:@radix-ui/react-dropdown-menu@^2.1.16",
        "npm:@radix-ui/react-hover-card@^1.1.15",
        "npm:@radix-ui/react-label@^2.1.8",
        "npm:@radix-ui/react-menubar@^1.1.16",
        "npm:@radix-ui/react-navigation-menu@^1.2.14",
        "npm:@radix-ui/react-popover@^1.1.15",
        "npm:@radix-ui/react-progress@^1.1.8",
        "npm:@radix-ui/react-radio-group@^1.3.8",
        "npm:@radix-ui/react-scroll-area@^1.2.10",
        "npm:@radix-ui/react-select@^2.2.6",
        "npm:@radix-ui/react-separator@^1.1.8",
        "npm:@radix-ui/react-slider@^1.3.6",
        "npm:@radix-ui/react-slot@^1.2.4",
        "npm:@radix-ui/react-switch@^1.2.6",
        "npm:@radix-ui/react-tabs@^1.1.13",
        "npm:@radix-ui/react-toggle-group@^1.1.11",
        "npm:@radix-ui/react-toggle@^1.1.10",
        "npm:@radix-ui/react-tooltip@^1.2.8",
        "npm:@react-email/components@^1.0.12",
        "npm:@react-pdf/renderer@^4.5.1",
        "npm:@supabase/supabase-js@2.74.0",
        "npm:@tailwindcss/vite@^4.2.1",
        "npm:@tanstack/react-query@^5.83.0",
        "npm:@tanstack/react-router@^1.168.25",
        "npm:@tanstack/react-start@^1.167.50",
        "npm:@tanstack/router-plugin@^1.167.28",
        "npm:@types/node@^22.16.5",
        "npm:@types/pdf-parse@^1.1.5",
        "npm:@types/react-dom@^19.2.0",
        "npm:@types/react@^19.2.0",
        "npm:@vitejs/plugin-react@^5.0.4",
        "npm:class-variance-authority@~0.7.1",
        "npm:clsx@^2.1.1",
        "npm:cmdk@^1.1.1",
        "npm:date-fns@^4.1.0",
        "npm:embla-carousel-react@^8.6.0",
        "npm:eslint-config-prettier@^10.1.1",
        "npm:eslint-plugin-prettier@^5.2.6",
        "npm:eslint-plugin-react-hooks@^5.2.0",
        "npm:eslint-plugin-react-refresh@~0.4.20",
        "npm:eslint@^9.32.0",
        "npm:globals@^15.15.0",
        "npm:input-otp@^1.4.2",
        "npm:jspdf-autotable@^5.0.7",
        "npm:jspdf@^4.2.1",
        "npm:jszip@^3.10.1",
        "npm:lucide-react@0.575",
        "npm:pdf-parse@^2.4.5",
        "npm:pg@^8.20.0",
        "npm:pnpm@^10.33.4",
        "npm:prettier@^3.7.3",
        "npm:react-day-picker@^9.14.0",
        "npm:react-dom@^19.2.0",
        "npm:react-email@^6.1.3",
        "npm:react-hook-form@^7.71.2",
        "npm:react-resizable-panels@^4.6.5",
        "npm:react@^19.2.0",
        "npm:recharts@^2.15.4",
        "npm:sonner@^2.0.7",
        "npm:tailwind-merge@^3.5.0",
        "npm:tailwindcss@^4.2.1",
        "npm:tw-animate-css@^1.3.4",
        "npm:typescript-eslint@^8.56.1",
        "npm:typescript@^5.8.3",
        "npm:vaul@^1.1.2",
        "npm:vite-node@6",
        "npm:vite-tsconfig-paths@^6.0.2",
        "npm:vite@^7.3.1",
        "npm:xlsx@~0.18.5",
        "npm:zod@^3.24.2"
      ]
    }
  }
}
